{
  "requires": true,
  "lockfileVersion": 1,
  "dependencies": {
    "ste-core": {
      "version": "2.0.6",
      "resolved": "https://registry.npmjs.org/ste-core/-/ste-core-2.0.6.tgz",
      "integrity": "sha512-I/BLxklldoerZ5KPpXWXTZ4IJm/BEhHnK6qoXStOLM2HHLHoDMkRP3hmUUMR0kFqV5iAAbsLOpxLbuufUaqpbg=="
    },
    "ste-signals": {
      "version": "2.0.6",
      "resolved": "https://registry.npmjs.org/ste-signals/-/ste-signals-2.0.6.tgz",
      "integrity": "sha512-7yHWuODhcjzFHo34gM6Dg+k2aYo9nJFdMyti5jRHyBDfdCr5//n5n4R+4xvub4ZFKniGJ9EyValzjYLXVbcxzA==",
      "requires": {
        "ste-core": "^2.0.6"
      }
    }
  }
}
